
Microsoft Visual Studio Solution File, Format Version 12.00
# Visual Studio Version 17
VisualStudioVersion = 17.1.31911.260
MinimumVisualStudioVersion = 10.0.40219.1
Project("{FAE04EC0-301F-11D3-BF4B-00C04F79EFBC}") = "AOC2021", "AOC2021\AOC2021.csproj", "{CECA6FBE-6AA3-42FD-B7F7-15D109E1B142}"
EndProject
Global
	GlobalSection(SolutionConfigurationPlatforms) = preSolution
		Debug|Any CPU = Debug|Any CPU
		Release|Any CPU = Release|Any CPU
	EndGlobalSection
	GlobalSection(ProjectConfigurationPlatforms) = postSolution
		{CECA6FBE-6AA3-42FD-B7F7-15D109E1B142}.Debug|Any CPU.ActiveCfg = Debug|Any CPU
		{CECA6FBE-6AA3-42FD-B7F7-15D109E1B142}.Debug|Any CPU.Build.0 = Debug|Any CPU
		{CECA6FBE-6AA3-42FD-B7F7-15D109E1B142}.Release|Any CPU.ActiveCfg = Release|Any CPU
		{CECA6FBE-6AA3-42FD-B7F7-15D109E1B142}.Release|Any CPU.Build.0 = Release|Any CPU
	EndGlobalSection
	GlobalSection(SolutionProperties) = preSolution
		HideSolutionNode = FALSE
	EndGlobalSection
	GlobalSection(ExtensibilityGlobals) = postSolution
		SolutionGuid = {EE5DFA6D-87C0-4D6A-825D-F20697D037F4}
	EndGlobalSection
EndGlobal
